PODS:
  - Alamofire (3.4.1)
  - EZLoadingActivity (0.8)
  - FoldingCell (1.0.0)
  - ImageLoader (0.9.0)
  - KFSwiftImageLoader (2.0.1)
  - LTMorphingLabel (0.2.1)
  - MRProgress (0.8.3):
    - MRProgress/ActivityIndicator (= 0.8.3)
    - MRProgress/Blur (= 0.8.3)
    - MRProgress/Circular (= 0.8.3)
    - MRProgress/Icons (= 0.8.3)
    - MRProgress/NavigationBarProgress (= 0.8.3)
    - MRProgress/Overlay (= 0.8.3)
  - MRProgress/ActivityIndicator (0.8.3):
    - MRProgress/Stopable
  - MRProgress/Blur (0.8.3):
    - MRProgress/Helper
  - MRProgress/Circular (0.8.3):
    - MRProgress/Helper
    - MRProgress/ProgressBaseClass
    - MRProgress/Stopable
  - MRProgress/Helper (0.8.3)
  - MRProgress/Icons (0.8.3)
  - MRProgress/NavigationBarProgress (0.8.3):
    - MRProgress/ProgressBaseClass
  - MRProgress/Overlay (0.8.3):
    - MRProgress/ActivityIndicator
    - MRProgress/Blur
    - MRProgress/Circular
    - MRProgress/Helper
    - MRProgress/Icons
  - MRProgress/ProgressBaseClass (0.8.3)
  - MRProgress/Stopable (0.8.3):
    - MRProgress/Helper
  - PureLayout (3.0.2)
  - RZTransitions (1.2.1)
  - StarWars (1.0)
  - SwiftyButton (0.4.0):
    - SwiftyButton/CustomContent (= 0.4.0)
  - SwiftyButton/CustomContent (0.4.0):
    - PureLayout (~> 3.0)
  - SwiftyJSON (2.3.2)

DEPENDENCIES:
  - Alamofire (~> 3.4)
  - EZLoadingActivity
  - FoldingCell
  - ImageLoader
  - KFSwiftImageLoader (~> 2.0)
  - LTMorphingLabel
  - MRProgress
  - RZTransitions
  - StarWars (~> 1.0)
  - SwiftyButton
  - SwiftyJSON

SPEC CHECKSUMS:
  Alamofire: 01a82e2f6c0f860ade35534c8dd88be61bdef40c
  EZLoadingActivity: 6fd75a05765a4085f4b6fef6f62edf9f144b3139
  FoldingCell: ca0b0f73a853143bf7d968c04a6604d25fbf1af7
  ImageLoader: bb709e5b2708158da405760f42c75e7e52b561b5
  KFSwiftImageLoader: a2b8a33a89116c767e7af8d2c109e8c483037b19
  LTMorphingLabel: 1858358ea38ef4d548e1f58b648b0d08ec3a62ed
  MRProgress: 16de7cc9f347e8846797a770db102a323fe7ef09
  PureLayout: 4d550abe49a94f24c2808b9b95db9131685fe4cd
  RZTransitions: 0e0013fda6989ee84dc5e44dca79fd539e1a975a
  StarWars: 01f1731789f738f64c6a9533c209213aaf465014
  SwiftyButton: fffcc0d82b2b5f9ec1681f20ee9c67bed0d5c73b
  SwiftyJSON: 04ccea08915aa0109039157c7974cf0298da292a

COCOAPODS: 0.39.0
