// !$*UTF8*$!
{
	archiveVersion = 1;
	classes = {
	};
	objectVersion = 46;
	objects = {

/* Begin PBXBuildFile section */
		1B779B801D69758B00C24929 /* DomainsViewController.swift in Sources */ = {isa = PBXBuildFile; fileRef = 1B779B7F1D69758B00C24929 /* DomainsViewController.swift */; };
		1BEB677B1D6DAFCA009392EF /* PatronsViewController.swift in Sources */ = {isa = PBXBuildFile; fileRef = 1BEB677A1D6DAFCA009392EF /* PatronsViewController.swift */; };
		1BF2AA1E1D452AB3001545F5 /* FBSDKCoreKit.framework in Frameworks */ = {isa = PBXBuildFile; fileRef = 1BF2AA1D1D452AB3001545F5 /* FBSDKCoreKit.framework */; };
		1BF2AA201D452ABF001545F5 /* FBSDKLoginKit.framework in Frameworks */ = {isa = PBXBuildFile; fileRef = 1BF2AA1F1D452ABF001545F5 /* FBSDKLoginKit.framework */; };
		1BF2AA221D45337B001545F5 /* Bolts.framework in Frameworks */ = {isa = PBXBuildFile; fileRef = 1BF2AA211D45337B001545F5 /* Bolts.framework */; };
		1BFECAA41D6EFFA000282D2E /* WorkshopsViewController.swift in Sources */ = {isa = PBXBuildFile; fileRef = 1BFECAA31D6EFFA000282D2E /* WorkshopsViewController.swift */; };
		5B7BE314B4F4AC791F0B4A67 /* Pods_AaruushUITests.framework in Frameworks */ = {isa = PBXBuildFile; fileRef = 8F139151CF864A5036A13A9E /* Pods_AaruushUITests.framework */; };
		A70A22E0148D2586841D8E97 /* Pods_Aaruush.framework in Frameworks */ = {isa = PBXBuildFile; fileRef = 4DD945853310B9489B3C223D /* Pods_Aaruush.framework */; };
		DE1D6C121D1AF535004D7D24 /* ColorExtension.swift in Sources */ = {isa = PBXBuildFile; fileRef = DE1D6C111D1AF535004D7D24 /* ColorExtension.swift */; };
		DE2C7A771D43DA590061FFA8 /* FiveSWalaCell.xib in Resources */ = {isa = PBXBuildFile; fileRef = DE2C7A761D43DA590061FFA8 /* FiveSWalaCell.xib */; };
		DE2C7A791D43DA700061FFA8 /* FiveSWalaCell.swift in Sources */ = {isa = PBXBuildFile; fileRef = DE2C7A781D43DA700061FFA8 /* FiveSWalaCell.swift */; };
		DE3F7B731D372B64007BA09E /* EventsTableViewCell.swift in Sources */ = {isa = PBXBuildFile; fileRef = DE3F7B721D372B64007BA09E /* EventsTableViewCell.swift */; };
		DE5666BC1D6E03B3000F608C /* ArchViewController.swift in Sources */ = {isa = PBXBuildFile; fileRef = DE5666BB1D6E03B3000F608C /* ArchViewController.swift */; };
		DE5666C41D6E0ED5000F608C /* iCarousel.m in Sources */ = {isa = PBXBuildFile; fileRef = DE5666C31D6E0ED5000F608C /* iCarousel.m */; };
		DE5A63081D7B5875000D84E9 /* ProfileViewController.swift in Sources */ = {isa = PBXBuildFile; fileRef = DE5A63071D7B5875000D84E9 /* ProfileViewController.swift */; };
		DE5E33EB1D79A1E800BECAF1 /* xirod.ttf in Resources */ = {isa = PBXBuildFile; fileRef = DE5E33EA1D79A0FF00BECAF1 /* xirod.ttf */; };
		DE6149001D74726200F3A6A4 /* InternetCheck.swift in Sources */ = {isa = PBXBuildFile; fileRef = DE6148FF1D74726200F3A6A4 /* InternetCheck.swift */; };
		DE720C8F1CEF9C7F00097862 /* AppDelegate.swift in Sources */ = {isa = PBXBuildFile; fileRef = DE720C8E1CEF9C7F00097862 /* AppDelegate.swift */; };
		DE720C941CEF9C7F00097862 /* Main.storyboard in Resources */ = {isa = PBXBuildFile; fileRef = DE720C921CEF9C7F00097862 /* Main.storyboard */; };
		DE720C971CEF9C7F00097862 /* Aaruush.xcdatamodeld in Sources */ = {isa = PBXBuildFile; fileRef = DE720C951CEF9C7F00097862 /* Aaruush.xcdatamodeld */; };
		DE720C991CEF9C7F00097862 /* Assets.xcassets in Resources */ = {isa = PBXBuildFile; fileRef = DE720C981CEF9C7F00097862 /* Assets.xcassets */; };
		DE720C9C1CEF9C7F00097862 /* LaunchScreen.storyboard in Resources */ = {isa = PBXBuildFile; fileRef = DE720C9A1CEF9C7F00097862 /* LaunchScreen.storyboard */; };
		DE720CA71CEF9C7F00097862 /* AaruushTests.swift in Sources */ = {isa = PBXBuildFile; fileRef = DE720CA61CEF9C7F00097862 /* AaruushTests.swift */; };
		DE720CB21CEF9C7F00097862 /* AaruushUITests.swift in Sources */ = {isa = PBXBuildFile; fileRef = DE720CB11CEF9C7F00097862 /* AaruushUITests.swift */; };
		DE720CC21CEF9D5200097862 /* SecondViewController.swift in Sources */ = {isa = PBXBuildFile; fileRef = DE720CBF1CEF9D5200097862 /* SecondViewController.swift */; };
		DE720CC31CEF9D5200097862 /* Stars.swift in Sources */ = {isa = PBXBuildFile; fileRef = DE720CC01CEF9D5200097862 /* Stars.swift */; };
		DE720CC41CEF9D5200097862 /* ViewController.swift in Sources */ = {isa = PBXBuildFile; fileRef = DE720CC11CEF9D5200097862 /* ViewController.swift */; };
		DE7FC0AC1D4401740005804A /* AaruushViewController.swift in Sources */ = {isa = PBXBuildFile; fileRef = DE7FC0AB1D4401740005804A /* AaruushViewController.swift */; };
		DE7FC0B41D449D190005804A /* DetailViewController.swift in Sources */ = {isa = PBXBuildFile; fileRef = DE7FC0B31D449D190005804A /* DetailViewController.swift */; };
		DE843B771D66FDB900E0AA17 /* ZoomAnimator.swift in Sources */ = {isa = PBXBuildFile; fileRef = DE843B761D66FDB900E0AA17 /* ZoomAnimator.swift */; };
		DE8F5DDF1D33DD3200D3079A /* EventsTableViewController.swift in Sources */ = {isa = PBXBuildFile; fileRef = DE8F5DDE1D33DD3200D3079A /* EventsTableViewController.swift */; };
		DEA12BCC1D6612790058EE4D /* Reusable.swift in Sources */ = {isa = PBXBuildFile; fileRef = DEA12BCB1D6612790058EE4D /* Reusable.swift */; };
		DEAF0F1E1D65E83B002923C1 /* TeamViewController.swift in Sources */ = {isa = PBXBuildFile; fileRef = DEAF0F1D1D65E83B002923C1 /* TeamViewController.swift */; };
		DEAF0F201D65E8B0002923C1 /* SixSWalaCell.xib in Resources */ = {isa = PBXBuildFile; fileRef = DEAF0F1F1D65E8B0002923C1 /* SixSWalaCell.xib */; };
		DEAF0F221D65E92C002923C1 /* SixSWalaCell.swift in Sources */ = {isa = PBXBuildFile; fileRef = DEAF0F211D65E92C002923C1 /* SixSWalaCell.swift */; };
		DEAF0F251D65EEEB002923C1 /* MainMenuViewController.swift in Sources */ = {isa = PBXBuildFile; fileRef = DEAF0F241D65EEEB002923C1 /* MainMenuViewController.swift */; };
		F64B4E07CE38EF84F70A161F /* Pods_AaruushTests.framework in Frameworks */ = {isa = PBXBuildFile; fileRef = 96093EB80CC1CE228FBA2DE4 /* Pods_AaruushTests.framework */; };
/* End PBXBuildFile section */

/* Begin PBXContainerItemProxy section */
		DE720CA31CEF9C7F00097862 /* PBXContainerItemProxy */ = {
			isa = PBXContainerItemProxy;
			containerPortal = DE720C831CEF9C7E00097862 /* Project object */;
			proxyType = 1;
			remoteGlobalIDString = DE720C8A1CEF9C7E00097862;
			remoteInfo = Aaruush;
		};
		DE720CAE1CEF9C7F00097862 /* PBXContainerItemProxy */ = {
			isa = PBXContainerItemProxy;
			containerPortal = DE720C831CEF9C7E00097862 /* Project object */;
			proxyType = 1;
			remoteGlobalIDString = DE720C8A1CEF9C7E00097862;
			remoteInfo = Aaruush;
		};
/* End PBXContainerItemProxy section */

/* Begin PBXFileReference section */
		0865BAD7AEDE272CC87A069F /* Pods-AaruushUITests.debug.xcconfig */ = {isa = PBXFileReference; includeInIndex = 1; lastKnownFileType = text.xcconfig; name = "Pods-AaruushUITests.debug.xcconfig"; path = "Pods/Target Support Files/Pods-AaruushUITests/Pods-AaruushUITests.debug.xcconfig"; sourceTree = "<group>"; };
		1B779B7F1D69758B00C24929 /* DomainsViewController.swift */ = {isa = PBXFileReference; fileEncoding = 4; lastKnownFileType = sourcecode.swift; path = DomainsViewController.swift; sourceTree = "<group>"; };
		1BEB677A1D6DAFCA009392EF /* PatronsViewController.swift */ = {isa = PBXFileReference; fileEncoding = 4; lastKnownFileType = sourcecode.swift; path = PatronsViewController.swift; sourceTree = "<group>"; };
		1BF2AA1D1D452AB3001545F5 /* FBSDKCoreKit.framework */ = {isa = PBXFileReference; lastKnownFileType = wrapper.framework; path = FBSDKCoreKit.framework; sourceTree = "<group>"; };
		1BF2AA1F1D452ABF001545F5 /* FBSDKLoginKit.framework */ = {isa = PBXFileReference; lastKnownFileType = wrapper.framework; path = FBSDKLoginKit.framework; sourceTree = "<group>"; };
		1BF2AA211D45337B001545F5 /* Bolts.framework */ = {isa = PBXFileReference; lastKnownFileType = wrapper.framework; path = Bolts.framework; sourceTree = "<group>"; };
		1BFECAA31D6EFFA000282D2E /* WorkshopsViewController.swift */ = {isa = PBXFileReference; fileEncoding = 4; lastKnownFileType = sourcecode.swift; path = WorkshopsViewController.swift; sourceTree = "<group>"; };
		260752529961013D2F2C80B5 /* Pods-Aaruush.release.xcconfig */ = {isa = PBXFileReference; includeInIndex = 1; lastKnownFileType = text.xcconfig; name = "Pods-Aaruush.release.xcconfig"; path = "Pods/Target Support Files/Pods-Aaruush/Pods-Aaruush.release.xcconfig"; sourceTree = "<group>"; };
		3DBC6B445F6558892DBDE779 /* Pods-Aaruush.debug.xcconfig */ = {isa = PBXFileReference; includeInIndex = 1; lastKnownFileType = text.xcconfig; name = "Pods-Aaruush.debug.xcconfig"; path = "Pods/Target Support Files/Pods-Aaruush/Pods-Aaruush.debug.xcconfig"; sourceTree = "<group>"; };
		4DD945853310B9489B3C223D /* Pods_Aaruush.framework */ = {isa = PBXFileReference; explicitFileType = wrapper.framework; includeInIndex = 0; path = Pods_Aaruush.framework; sourceTree = BUILT_PRODUCTS_DIR; };
		5E0A12CE9E4857C925B8226F /* Pods-AaruushTests.debug.xcconfig */ = {isa = PBXFileReference; includeInIndex = 1; lastKnownFileType = text.xcconfig; name = "Pods-AaruushTests.debug.xcconfig"; path = "Pods/Target Support Files/Pods-AaruushTests/Pods-AaruushTests.debug.xcconfig"; sourceTree = "<group>"; };
		8F139151CF864A5036A13A9E /* Pods_AaruushUITests.framework */ = {isa = PBXFileReference; explicitFileType = wrapper.framework; includeInIndex = 0; path = Pods_AaruushUITests.framework; sourceTree = BUILT_PRODUCTS_DIR; };
		96093EB80CC1CE228FBA2DE4 /* Pods_AaruushTests.framework */ = {isa = PBXFileReference; explicitFileType = wrapper.framework; includeInIndex = 0; path = Pods_AaruushTests.framework; sourceTree = BUILT_PRODUCTS_DIR; };
		B5250DDAEA075384463265BD /* Pods-AaruushTests.release.xcconfig */ = {isa = PBXFileReference; includeInIndex = 1; lastKnownFileType = text.xcconfig; name = "Pods-AaruushTests.release.xcconfig"; path = "Pods/Target Support Files/Pods-AaruushTests/Pods-AaruushTests.release.xcconfig"; sourceTree = "<group>"; };
		BD2F46A3DCAC7EDE2DF7B223 /* Pods-AaruushUITests.release.xcconfig */ = {isa = PBXFileReference; includeInIndex = 1; lastKnownFileType = text.xcconfig; name = "Pods-AaruushUITests.release.xcconfig"; path = "Pods/Target Support Files/Pods-AaruushUITests/Pods-AaruushUITests.release.xcconfig"; sourceTree = "<group>"; };
		DE1D6C111D1AF535004D7D24 /* ColorExtension.swift */ = {isa = PBXFileReference; fileEncoding = 4; lastKnownFileType = sourcecode.swift; path = ColorExtension.swift; sourceTree = "<group>"; };
		DE2C7A761D43DA590061FFA8 /* FiveSWalaCell.xib */ = {isa = PBXFileReference; fileEncoding = 4; lastKnownFileType = file.xib; path = FiveSWalaCell.xib; sourceTree = "<group>"; };
		DE2C7A781D43DA700061FFA8 /* FiveSWalaCell.swift */ = {isa = PBXFileReference; fileEncoding = 4; lastKnownFileType = sourcecode.swift; path = FiveSWalaCell.swift; sourceTree = "<group>"; };
		DE3F7B721D372B64007BA09E /* EventsTableViewCell.swift */ = {isa = PBXFileReference; fileEncoding = 4; lastKnownFileType = sourcecode.swift; path = EventsTableViewCell.swift; sourceTree = "<group>"; };
		DE5666BB1D6E03B3000F608C /* ArchViewController.swift */ = {isa = PBXFileReference; fileEncoding = 4; lastKnownFileType = sourcecode.swift; path = ArchViewController.swift; sourceTree = "<group>"; };
		DE5666C11D6E0ED4000F608C /* Aaruush-Bridging-Header.h */ = {isa = PBXFileReference; lastKnownFileType = sourcecode.c.h; path = "Aaruush-Bridging-Header.h"; sourceTree = "<group>"; };
		DE5666C21D6E0ED5000F608C /* iCarousel.h */ = {isa = PBXFileReference; fileEncoding = 4; lastKnownFileType = sourcecode.c.h; path = iCarousel.h; sourceTree = "<group>"; };
		DE5666C31D6E0ED5000F608C /* iCarousel.m */ = {isa = PBXFileReference; fileEncoding = 4; lastKnownFileType = sourcecode.c.objc; path = iCarousel.m; sourceTree = "<group>"; };
		DE5A63071D7B5875000D84E9 /* ProfileViewController.swift */ = {isa = PBXFileReference; fileEncoding = 4; lastKnownFileType = sourcecode.swift; path = ProfileViewController.swift; sourceTree = "<group>"; };
		DE5E33EA1D79A0FF00BECAF1 /* xirod.ttf */ = {isa = PBXFileReference; lastKnownFileType = file; path = xirod.ttf; sourceTree = "<group>"; };
		DE6148FF1D74726200F3A6A4 /* InternetCheck.swift */ = {isa = PBXFileReference; fileEncoding = 4; lastKnownFileType = sourcecode.swift; path = InternetCheck.swift; sourceTree = "<group>"; };
		DE720C8B1CEF9C7E00097862 /* Aaruush.app */ = {isa = PBXFileReference; explicitFileType = wrapper.application; includeInIndex = 0; path = Aaruush.app; sourceTree = BUILT_PRODUCTS_DIR; };
		DE720C8E1CEF9C7F00097862 /* AppDelegate.swift */ = {isa = PBXFileReference; lastKnownFileType = sourcecode.swift; path = AppDelegate.swift; sourceTree = "<group>"; };
		DE720C931CEF9C7F00097862 /* Base */ = {isa = PBXFileReference; lastKnownFileType = file.storyboard; name = Base; path = Base.lproj/Main.storyboard; sourceTree = "<group>"; };
		DE720C961CEF9C7F00097862 /* Aaruush.xcdatamodel */ = {isa = PBXFileReference; lastKnownFileType = wrapper.xcdatamodel; path = Aaruush.xcdatamodel; sourceTree = "<group>"; };
		DE720C981CEF9C7F00097862 /* Assets.xcassets */ = {isa = PBXFileReference; lastKnownFileType = folder.assetcatalog; path = Assets.xcassets; sourceTree = "<group>"; };
		DE720C9B1CEF9C7F00097862 /* Base */ = {isa = PBXFileReference; lastKnownFileType = file.storyboard; name = Base; path = Base.lproj/LaunchScreen.storyboard; sourceTree = "<group>"; };
		DE720C9D1CEF9C7F00097862 /* Info.plist */ = {isa = PBXFileReference; lastKnownFileType = text.plist.xml; path = Info.plist; sourceTree = "<group>"; };
		DE720CA21CEF9C7F00097862 /* AaruushTests.xctest */ = {isa = PBXFileReference; explicitFileType = wrapper.cfbundle; includeInIndex = 0; path = AaruushTests.xctest; sourceTree = BUILT_PRODUCTS_DIR; };
		DE720CA61CEF9C7F00097862 /* AaruushTests.swift */ = {isa = PBXFileReference; lastKnownFileType = sourcecode.swift; path = AaruushTests.swift; sourceTree = "<group>"; };
		DE720CA81CEF9C7F00097862 /* Info.plist */ = {isa = PBXFileReference; lastKnownFileType = text.plist.xml; path = Info.plist; sourceTree = "<group>"; };
		DE720CAD1CEF9C7F00097862 /* AaruushUITests.xctest */ = {isa = PBXFileReference; explicitFileType = wrapper.cfbundle; includeInIndex = 0; path = AaruushUITests.xctest; sourceTree = BUILT_PRODUCTS_DIR; };
		DE720CB11CEF9C7F00097862 /* AaruushUITests.swift */ = {isa = PBXFileReference; lastKnownFileType = sourcecode.swift; path = AaruushUITests.swift; sourceTree = "<group>"; };
		DE720CB31CEF9C7F00097862 /* Info.plist */ = {isa = PBXFileReference; lastKnownFileType = text.plist.xml; path = Info.plist; sourceTree = "<group>"; };
		DE720CBF1CEF9D5200097862 /* SecondViewController.swift */ = {isa = PBXFileReference; fileEncoding = 4; lastKnownFileType = sourcecode.swift; path = SecondViewController.swift; sourceTree = "<group>"; };
		DE720CC01CEF9D5200097862 /* Stars.swift */ = {isa = PBXFileReference; fileEncoding = 4; lastKnownFileType = sourcecode.swift; path = Stars.swift; sourceTree = "<group>"; };
		DE720CC11CEF9D5200097862 /* ViewController.swift */ = {isa = PBXFileReference; fileEncoding = 4; lastKnownFileType = sourcecode.swift; path = ViewController.swift; sourceTree = "<group>"; };
		DE7FC0AB1D4401740005804A /* AaruushViewController.swift */ = {isa = PBXFileReference; fileEncoding = 4; lastKnownFileType = sourcecode.swift; path = AaruushViewController.swift; sourceTree = "<group>"; };
		DE7FC0B31D449D190005804A /* DetailViewController.swift */ = {isa = PBXFileReference; fileEncoding = 4; lastKnownFileType = sourcecode.swift; path = DetailViewController.swift; sourceTree = "<group>"; };
		DE843B761D66FDB900E0AA17 /* ZoomAnimator.swift */ = {isa = PBXFileReference; fileEncoding = 4; lastKnownFileType = sourcecode.swift; path = ZoomAnimator.swift; sourceTree = "<group>"; };
		DE8F5DDE1D33DD3200D3079A /* EventsTableViewController.swift */ = {isa = PBXFileReference; fileEncoding = 4; lastKnownFileType = sourcecode.swift; path = EventsTableViewController.swift; sourceTree = "<group>"; };
		DEA12BCB1D6612790058EE4D /* Reusable.swift */ = {isa = PBXFileReference; fileEncoding = 4; lastKnownFileType = sourcecode.swift; path = Reusable.swift; sourceTree = "<group>"; };
		DEAF0F1D1D65E83B002923C1 /* TeamViewController.swift */ = {isa = PBXFileReference; fileEncoding = 4; lastKnownFileType = sourcecode.swift; path = TeamViewController.swift; sourceTree = "<group>"; };
		DEAF0F1F1D65E8B0002923C1 /* SixSWalaCell.xib */ = {isa = PBXFileReference; fileEncoding = 4; lastKnownFileType = file.xib; path = SixSWalaCell.xib; sourceTree = "<group>"; };
		DEAF0F211D65E92C002923C1 /* SixSWalaCell.swift */ = {isa = PBXFileReference; fileEncoding = 4; lastKnownFileType = sourcecode.swift; path = SixSWalaCell.swift; sourceTree = "<group>"; };
		DEAF0F241D65EEEB002923C1 /* MainMenuViewController.swift */ = {isa = PBXFileReference; fileEncoding = 4; lastKnownFileType = sourcecode.swift; path = MainMenuViewController.swift; sourceTree = "<group>"; };
/* End PBXFileReference section */

/* Begin PBXFrameworksBuildPhase section */
		DE720C881CEF9C7E00097862 /* Frameworks */ = {
			isa = PBXFrameworksBuildPhase;
			buildActionMask = 2147483647;
			files = (
				1BF2AA1E1D452AB3001545F5 /* FBSDKCoreKit.framework in Frameworks */,
				1BF2AA201D452ABF001545F5 /* FBSDKLoginKit.framework in Frameworks */,
				1BF2AA221D45337B001545F5 /* Bolts.framework in Frameworks */,
				A70A22E0148D2586841D8E97 /* Pods_Aaruush.framework in Frameworks */,
			);
			runOnlyForDeploymentPostprocessing = 0;
		};
		DE720C9F1CEF9C7F00097862 /* Frameworks */ = {
			isa = PBXFrameworksBuildPhase;
			buildActionMask = 2147483647;
			files = (
				F64B4E07CE38EF84F70A161F /* Pods_AaruushTests.framework in Frameworks */,
			);
			runOnlyForDeploymentPostprocessing = 0;
		};
		DE720CAA1CEF9C7F00097862 /* Frameworks */ = {
			isa = PBXFrameworksBuildPhase;
			buildActionMask = 2147483647;
			files = (
				5B7BE314B4F4AC791F0B4A67 /* Pods_AaruushUITests.framework in Frameworks */,
			);
			runOnlyForDeploymentPostprocessing = 0;
		};
/* End PBXFrameworksBuildPhase section */

/* Begin PBXGroup section */
		8D7F2A91BADCA12D0D5DDB65 /* Frameworks */ = {
			isa = PBXGroup;
			children = (
				4DD945853310B9489B3C223D /* Pods_Aaruush.framework */,
				96093EB80CC1CE228FBA2DE4 /* Pods_AaruushTests.framework */,
				8F139151CF864A5036A13A9E /* Pods_AaruushUITests.framework */,
			);
			name = Frameworks;
			sourceTree = "<group>";
		};
		D5DF72483C707E186D9A462B /* Pods */ = {
			isa = PBXGroup;
			children = (
				3DBC6B445F6558892DBDE779 /* Pods-Aaruush.debug.xcconfig */,
				260752529961013D2F2C80B5 /* Pods-Aaruush.release.xcconfig */,
				5E0A12CE9E4857C925B8226F /* Pods-AaruushTests.debug.xcconfig */,
				B5250DDAEA075384463265BD /* Pods-AaruushTests.release.xcconfig */,
				0865BAD7AEDE272CC87A069F /* Pods-AaruushUITests.debug.xcconfig */,
				BD2F46A3DCAC7EDE2DF7B223 /* Pods-AaruushUITests.release.xcconfig */,
			);
			name = Pods;
			sourceTree = "<group>";
		};
		DE3499511D66FA9E003EF897 /* custom cells */ = {
			isa = PBXGroup;
			children = (
				DEAF0F1F1D65E8B0002923C1 /* SixSWalaCell.xib */,
				DEAF0F211D65E92C002923C1 /* SixSWalaCell.swift */,
				DE2C7A761D43DA590061FFA8 /* FiveSWalaCell.xib */,
				DE2C7A781D43DA700061FFA8 /* FiveSWalaCell.swift */,
				DE5E33EA1D79A0FF00BECAF1 /* xirod.ttf */,
			);
			name = "custom cells";
			path = Aaruush;
			sourceTree = "<group>";
		};
		DE720C821CEF9C7E00097862 = {
			isa = PBXGroup;
			children = (
				1BF2AA211D45337B001545F5 /* Bolts.framework */,
				1BF2AA1F1D452ABF001545F5 /* FBSDKLoginKit.framework */,
				1BF2AA1D1D452AB3001545F5 /* FBSDKCoreKit.framework */,
				DE720C8D1CEF9C7F00097862 /* Aaruush */,
				DE3499511D66FA9E003EF897 /* custom cells */,
				DEAF0F231D65EBB8002923C1 /* toBeDeleted */,
				DE7FC0AA1D43FE740005804A /* Tools */,
				DE7FC0A91D43FE430005804A /* Extras (for now) */,
				DE720CA51CEF9C7F00097862 /* AaruushTests */,
				DE720CB01CEF9C7F00097862 /* AaruushUITests */,
				DE720C8C1CEF9C7E00097862 /* Products */,
				D5DF72483C707E186D9A462B /* Pods */,
				8D7F2A91BADCA12D0D5DDB65 /* Frameworks */,
			);
			sourceTree = "<group>";
		};
		DE720C8C1CEF9C7E00097862 /* Products */ = {
			isa = PBXGroup;
			children = (
				DE720C8B1CEF9C7E00097862 /* Aaruush.app */,
				DE720CA21CEF9C7F00097862 /* AaruushTests.xctest */,
				DE720CAD1CEF9C7F00097862 /* AaruushUITests.xctest */,
			);
			name = Products;
			sourceTree = "<group>";
		};
		DE720C8D1CEF9C7F00097862 /* Aaruush */ = {
			isa = PBXGroup;
			children = (
				DE720C8E1CEF9C7F00097862 /* AppDelegate.swift */,
				DE720CC11CEF9D5200097862 /* ViewController.swift */,
				DE7FC0AB1D4401740005804A /* AaruushViewController.swift */,
				DEAF0F241D65EEEB002923C1 /* MainMenuViewController.swift */,
				1BFECAA31D6EFFA000282D2E /* WorkshopsViewController.swift */,
				DE5666BB1D6E03B3000F608C /* ArchViewController.swift */,
				DEAF0F1D1D65E83B002923C1 /* TeamViewController.swift */,
				1B779B7F1D69758B00C24929 /* DomainsViewController.swift */,
				DE7FC0B31D449D190005804A /* DetailViewController.swift */,
				1BEB677A1D6DAFCA009392EF /* PatronsViewController.swift */,
				DE720C921CEF9C7F00097862 /* Main.storyboard */,
				DE5A63071D7B5875000D84E9 /* ProfileViewController.swift */,
				DE720C981CEF9C7F00097862 /* Assets.xcassets */,
				DE720C9A1CEF9C7F00097862 /* LaunchScreen.storyboard */,
				DE720C9D1CEF9C7F00097862 /* Info.plist */,
				DE720C951CEF9C7F00097862 /* Aaruush.xcdatamodeld */,
			);
			path = Aaruush;
			sourceTree = "<group>";
		};
		DE720CA51CEF9C7F00097862 /* AaruushTests */ = {
			isa = PBXGroup;
			children = (
				DE720CA61CEF9C7F00097862 /* AaruushTests.swift */,
				DE720CA81CEF9C7F00097862 /* Info.plist */,
			);
			path = AaruushTests;
			sourceTree = "<group>";
		};
		DE720CB01CEF9C7F00097862 /* AaruushUITests */ = {
			isa = PBXGroup;
			children = (
				DE720CB11CEF9C7F00097862 /* AaruushUITests.swift */,
				DE720CB31CEF9C7F00097862 /* Info.plist */,
			);
			path = AaruushUITests;
			sourceTree = "<group>";
		};
		DE7FC0A91D43FE430005804A /* Extras (for now) */ = {
			isa = PBXGroup;
			children = (
				DE3F7B721D372B64007BA09E /* EventsTableViewCell.swift */,
				DE8F5DDE1D33DD3200D3079A /* EventsTableViewController.swift */,
				DE720CBF1CEF9D5200097862 /* SecondViewController.swift */,
			);
			name = "Extras (for now)";
			path = Aaruush;
			sourceTree = "<group>";
		};
		DE7FC0AA1D43FE740005804A /* Tools */ = {
			isa = PBXGroup;
			children = (
				DE720CC01CEF9D5200097862 /* Stars.swift */,
				DE6148FF1D74726200F3A6A4 /* InternetCheck.swift */,
				DEA12BCB1D6612790058EE4D /* Reusable.swift */,
				DE5666C21D6E0ED5000F608C /* iCarousel.h */,
				DE5666C31D6E0ED5000F608C /* iCarousel.m */,
				DE843B761D66FDB900E0AA17 /* ZoomAnimator.swift */,
				DE1D6C111D1AF535004D7D24 /* ColorExtension.swift */,
				DE5666C11D6E0ED4000F608C /* Aaruush-Bridging-Header.h */,
			);
			name = Tools;
			path = Aaruush;
			sourceTree = "<group>";
		};
		DEAF0F231D65EBB8002923C1 /* toBeDeleted */ = {
			isa = PBXGroup;
			children = (
			);
			name = toBeDeleted;
			path = Aaruush;
			sourceTree = "<group>";
		};
/* End PBXGroup section */

/* Begin PBXNativeTarget section */
		DE720C8A1CEF9C7E00097862 /* Aaruush */ = {
			isa = PBXNativeTarget;
			buildConfigurationList = DE720CB61CEF9C7F00097862 /* Build configuration list for PBXNativeTarget "Aaruush" */;
			buildPhases = (
				68588D1D49277A0F9E99B099 /* [CP] Check Pods Manifest.lock */,
				DE720C871CEF9C7E00097862 /* Sources */,
				DE720C881CEF9C7E00097862 /* Frameworks */,
				DE720C891CEF9C7E00097862 /* Resources */,
				102256CEDF6BCB7D05A7F65E /* [CP] Embed Pods Frameworks */,
				431894ED8F6A04CD709D28C8 /* [CP] Copy Pods Resources */,
			);
			buildRules = (
			);
			dependencies = (
			);
			name = Aaruush;
			productName = Aaruush;
			productReference = DE720C8B1CEF9C7E00097862 /* Aaruush.app */;
			productType = "com.apple.product-type.application";
		};
		DE720CA11CEF9C7F00097862 /* AaruushTests */ = {
			isa = PBXNativeTarget;
			buildConfigurationList = DE720CB91CEF9C7F00097862 /* Build configuration list for PBXNativeTarget "AaruushTests" */;
			buildPhases = (
				BD4D429B89B0809C85C46749 /* [CP] Check Pods Manifest.lock */,
				DE720C9E1CEF9C7F00097862 /* Sources */,
				DE720C9F1CEF9C7F00097862 /* Frameworks */,
				DE720CA01CEF9C7F00097862 /* Resources */,
				B4C849748EE26F4D345B60AF /* [CP] Embed Pods Frameworks */,
				54A8A54F43206BA05338844A /* [CP] Copy Pods Resources */,
			);
			buildRules = (
			);
			dependencies = (
				DE720CA41CEF9C7F00097862 /* PBXTargetDependency */,
			);
			name = AaruushTests;
			productName = AaruushTests;
			productReference = DE720CA21CEF9C7F00097862 /* AaruushTests.xctest */;
			productType = "com.apple.product-type.bundle.unit-test";
		};
		DE720CAC1CEF9C7F00097862 /* AaruushUITests */ = {
			isa = PBXNativeTarget;
			buildConfigurationList = DE720CBC1CEF9C7F00097862 /* Build configuration list for PBXNativeTarget "AaruushUITests" */;
			buildPhases = (
				A42BD5D0584A5127AB23F23E /* [CP] Check Pods Manifest.lock */,
				DE720CA91CEF9C7F00097862 /* Sources */,
				DE720CAA1CEF9C7F00097862 /* Frameworks */,
				DE720CAB1CEF9C7F00097862 /* Resources */,
				343F84BECD25F21C4762FA8A /* [CP] Copy Pods Resources */,
			);
			buildRules = (
			);
			dependencies = (
				DE720CAF1CEF9C7F00097862 /* PBXTargetDependency */,
			);
			name = AaruushUITests;
			productName = AaruushUITests;
			productReference = DE720CAD1CEF9C7F00097862 /* AaruushUITests.xctest */;
			productType = "com.apple.product-type.bundle.ui-testing";
		};
/* End PBXNativeTarget section */

/* Begin PBXProject section */
		DE720C831CEF9C7E00097862 /* Project object */ = {
			isa = PBXProject;
			attributes = {
				LastSwiftUpdateCheck = 0730;
				LastUpgradeCheck = 0730;
				ORGANIZATIONNAME = rohan;
				TargetAttributes = {
					DE720C8A1CEF9C7E00097862 = {
						CreatedOnToolsVersion = 7.3;
						DevelopmentTeam = DF8NGUWUSH;
					};
					DE720CA11CEF9C7F00097862 = {
						CreatedOnToolsVersion = 7.3;
						TestTargetID = DE720C8A1CEF9C7E00097862;
					};
					DE720CAC1CEF9C7F00097862 = {
						CreatedOnToolsVersion = 7.3;
						TestTargetID = DE720C8A1CEF9C7E00097862;
					};
				};
			};
			buildConfigurationList = DE720C861CEF9C7E00097862 /* Build configuration list for PBXProject "Aaruush" */;
			compatibilityVersion = "Xcode 3.2";
			developmentRegion = English;
			hasScannedForEncodings = 0;
			knownRegions = (
				en,
				Base,
			);
			mainGroup = DE720C821CEF9C7E00097862;
			productRefGroup = DE720C8C1CEF9C7E00097862 /* Products */;
			projectDirPath = "";
			projectRoot = "";
			targets = (
				DE720C8A1CEF9C7E00097862 /* Aaruush */,
				DE720CA11CEF9C7F00097862 /* AaruushTests */,
				DE720CAC1CEF9C7F00097862 /* AaruushUITests */,
			);
		};
/* End PBXProject section */

/* Begin PBXResourcesBuildPhase section */
		DE720C891CEF9C7E00097862 /* Resources */ = {
			isa = PBXResourcesBuildPhase;
			buildActionMask = 2147483647;
			files = (
				DE5E33EB1D79A1E800BECAF1 /* xirod.ttf in Resources */,
				DE720C9C1CEF9C7F00097862 /* LaunchScreen.storyboard in Resources */,
				DE2C7A771D43DA590061FFA8 /* FiveSWalaCell.xib in Resources */,
				DE720C991CEF9C7F00097862 /* Assets.xcassets in Resources */,
				DE720C941CEF9C7F00097862 /* Main.storyboard in Resources */,
				DEAF0F201D65E8B0002923C1 /* SixSWalaCell.xib in Resources */,
			);
			runOnlyForDeploymentPostprocessing = 0;
		};
		DE720CA01CEF9C7F00097862 /* Resources */ = {
			isa = PBXResourcesBuildPhase;
			buildActionMask = 2147483647;
			files = (
			);
			runOnlyForDeploymentPostprocessing = 0;
		};
		DE720CAB1CEF9C7F00097862 /* Resources */ = {
			isa = PBXResourcesBuildPhase;
			buildActionMask = 2147483647;
			files = (
			);
			runOnlyForDeploymentPostprocessing = 0;
		};
/* End PBXResourcesBuildPhase section */

/* Begin PBXShellScriptBuildPhase section */
		102256CEDF6BCB7D05A7F65E /* [CP] Embed Pods Frameworks */ = {
			isa = PBXShellScriptBuildPhase;
			buildActionMask = 2147483647;
			files = (
			);
			inputPaths = (
			);
			name = "[CP] Embed Pods Frameworks";
			outputPaths = (
			);
			runOnlyForDeploymentPostprocessing = 0;
			shellPath = /bin/sh;
			shellScript = "\"${SRCROOT}/Pods/Target Support Files/Pods-Aaruush/Pods-Aaruush-frameworks.sh\"\n";
			showEnvVarsInLog = 0;
		};
		343F84BECD25F21C4762FA8A /* [CP] Copy Pods Resources */ = {
			isa = PBXShellScriptBuildPhase;
			buildActionMask = 2147483647;
			files = (
			);
			inputPaths = (
			);
			name = "[CP] Copy Pods Resources";
			outputPaths = (
			);
			runOnlyForDeploymentPostprocessing = 0;
			shellPath = /bin/sh;
			shellScript = "\"${SRCROOT}/Pods/Target Support Files/Pods-AaruushUITests/Pods-AaruushUITests-resources.sh\"\n";
			showEnvVarsInLog = 0;
		};
		431894ED8F6A04CD709D28C8 /* [CP] Copy Pods Resources */ = {
			isa = PBXShellScriptBuildPhase;
			buildActionMask = 2147483647;
			files = (
			);
			inputPaths = (
			);
			name = "[CP] Copy Pods Resources";
			outputPaths = (
			);
			runOnlyForDeploymentPostprocessing = 0;
			shellPath = /bin/sh;
			shellScript = "\"${SRCROOT}/Pods/Target Support Files/Pods-Aaruush/Pods-Aaruush-resources.sh\"\n";
			showEnvVarsInLog = 0;
		};
		54A8A54F43206BA05338844A /* [CP] Copy Pods Resources */ = {
			isa = PBXShellScriptBuildPhase;
			buildActionMask = 2147483647;
			files = (
			);
			inputPaths = (
			);
			name = "[CP] Copy Pods Resources";
			outputPaths = (
			);
			runOnlyForDeploymentPostprocessing = 0;
			shellPath = /bin/sh;
			shellScript = "\"${SRCROOT}/Pods/Target Support Files/Pods-AaruushTests/Pods-AaruushTests-resources.sh\"\n";
			showEnvVarsInLog = 0;
		};
		68588D1D49277A0F9E99B099 /* [CP] Check Pods Manifest.lock */ = {
			isa = PBXShellScriptBuildPhase;
			buildActionMask = 2147483647;
			files = (
			);
			inputPaths = (
			);
			name = "[CP] Check Pods Manifest.lock";
			outputPaths = (
			);
			runOnlyForDeploymentPostprocessing = 0;
			shellPath = /bin/sh;
			shellScript = "diff \"${PODS_ROOT}/../Podfile.lock\" \"${PODS_ROOT}/Manifest.lock\" > /dev/null\nif [[ $? != 0 ]] ; then\n    cat << EOM\nerror: The sandbox is not in sync with the Podfile.lock. Run 'pod install' or update your CocoaPods installation.\nEOM\n    exit 1\nfi\n";
			showEnvVarsInLog = 0;
		};
		A42BD5D0584A5127AB23F23E /* [CP] Check Pods Manifest.lock */ = {
			isa = PBXShellScriptBuildPhase;
			buildActionMask = 2147483647;
			files = (
			);
			inputPaths = (
			);
			name = "[CP] Check Pods Manifest.lock";
			outputPaths = (
			);
			runOnlyForDeploymentPostprocessing = 0;
			shellPath = /bin/sh;
			shellScript = "diff \"${PODS_ROOT}/../Podfile.lock\" \"${PODS_ROOT}/Manifest.lock\" > /dev/null\nif [[ $? != 0 ]] ; then\n    cat << EOM\nerror: The sandbox is not in sync with the Podfile.lock. Run 'pod install' or update your CocoaPods installation.\nEOM\n    exit 1\nfi\n";
			showEnvVarsInLog = 0;
		};
		B4C849748EE26F4D345B60AF /* [CP] Embed Pods Frameworks */ = {
			isa = PBXShellScriptBuildPhase;
			buildActionMask = 2147483647;
			files = (
			);
			inputPaths = (
			);
			name = "[CP] Embed Pods Frameworks";
			outputPaths = (
			);
			runOnlyForDeploymentPostprocessing = 0;
			shellPath = /bin/sh;
			shellScript = "\"${SRCROOT}/Pods/Target Support Files/Pods-AaruushTests/Pods-AaruushTests-frameworks.sh\"\n";
			showEnvVarsInLog = 0;
		};
		BD4D429B89B0809C85C46749 /* [CP] Check Pods Manifest.lock */ = {
			isa = PBXShellScriptBuildPhase;
			buildActionMask = 2147483647;
			files = (
			);
			inputPaths = (
			);
			name = "[CP] Check Pods Manifest.lock";
			outputPaths = (
			);
			runOnlyForDeploymentPostprocessing = 0;
			shellPath = /bin/sh;
			shellScript = "diff \"${PODS_ROOT}/../Podfile.lock\" \"${PODS_ROOT}/Manifest.lock\" > /dev/null\nif [[ $? != 0 ]] ; then\n    cat << EOM\nerror: The sandbox is not in sync with the Podfile.lock. Run 'pod install' or update your CocoaPods installation.\nEOM\n    exit 1\nfi\n";
			showEnvVarsInLog = 0;
		};
/* End PBXShellScriptBuildPhase section */

/* Begin PBXSourcesBuildPhase section */
		DE720C871CEF9C7E00097862 /* Sources */ = {
			isa = PBXSourcesBuildPhase;
			buildActionMask = 2147483647;
			files = (
				DEAF0F1E1D65E83B002923C1 /* TeamViewController.swift in Sources */,
				1B779B801D69758B00C24929 /* DomainsViewController.swift in Sources */,
				DE720CC41CEF9D5200097862 /* ViewController.swift in Sources */,
				DE5666BC1D6E03B3000F608C /* ArchViewController.swift in Sources */,
				DE5666C41D6E0ED5000F608C /* iCarousel.m in Sources */,
				1BEB677B1D6DAFCA009392EF /* PatronsViewController.swift in Sources */,
				DEA12BCC1D6612790058EE4D /* Reusable.swift in Sources */,
				DE7FC0AC1D4401740005804A /* AaruushViewController.swift in Sources */,
				DE8F5DDF1D33DD3200D3079A /* EventsTableViewController.swift in Sources */,
				DE2C7A791D43DA700061FFA8 /* FiveSWalaCell.swift in Sources */,
				DEAF0F221D65E92C002923C1 /* SixSWalaCell.swift in Sources */,
				DE720CC21CEF9D5200097862 /* SecondViewController.swift in Sources */,
				DE720C971CEF9C7F00097862 /* Aaruush.xcdatamodeld in Sources */,
				DE3F7B731D372B64007BA09E /* EventsTableViewCell.swift in Sources */,
				DE1D6C121D1AF535004D7D24 /* ColorExtension.swift in Sources */,
				DE5A63081D7B5875000D84E9 /* ProfileViewController.swift in Sources */,
				DE6149001D74726200F3A6A4 /* InternetCheck.swift in Sources */,
				DE720C8F1CEF9C7F00097862 /* AppDelegate.swift in Sources */,
				DE7FC0B41D449D190005804A /* DetailViewController.swift in Sources */,
				DE843B771D66FDB900E0AA17 /* ZoomAnimator.swift in Sources */,
				DE720CC31CEF9D5200097862 /* Stars.swift in Sources */,
				1BFECAA41D6EFFA000282D2E /* WorkshopsViewController.swift in Sources */,
				DEAF0F251D65EEEB002923C1 /* MainMenuViewController.swift in Sources */,
			);
			runOnlyForDeploymentPostprocessing = 0;
		};
		DE720C9E1CEF9C7F00097862 /* Sources */ = {
			isa = PBXSourcesBuildPhase;
			buildActionMask = 2147483647;
			files = (
				DE720CA71CEF9C7F00097862 /* AaruushTests.swift in Sources */,
			);
			runOnlyForDeploymentPostprocessing = 0;
		};
		DE720CA91CEF9C7F00097862 /* Sources */ = {
			isa = PBXSourcesBuildPhase;
			buildActionMask = 2147483647;
			files = (
				DE720CB21CEF9C7F00097862 /* AaruushUITests.swift in Sources */,
			);
			runOnlyForDeploymentPostprocessing = 0;
		};
/* End PBXSourcesBuildPhase section */

/* Begin PBXTargetDependency section */
		DE720CA41CEF9C7F00097862 /* PBXTargetDependency */ = {
			isa = PBXTargetDependency;
			target = DE720C8A1CEF9C7E00097862 /* Aaruush */;
			targetProxy = DE720CA31CEF9C7F00097862 /* PBXContainerItemProxy */;
		};
		DE720CAF1CEF9C7F00097862 /* PBXTargetDependency */ = {
			isa = PBXTargetDependency;
			target = DE720C8A1CEF9C7E00097862 /* Aaruush */;
			targetProxy = DE720CAE1CEF9C7F00097862 /* PBXContainerItemProxy */;
		};
/* End PBXTargetDependency section */

/* Begin PBXVariantGroup section */
		DE720C921CEF9C7F00097862 /* Main.storyboard */ = {
			isa = PBXVariantGroup;
			children = (
				DE720C931CEF9C7F00097862 /* Base */,
			);
			name = Main.storyboard;
			sourceTree = "<group>";
		};
		DE720C9A1CEF9C7F00097862 /* LaunchScreen.storyboard */ = {
			isa = PBXVariantGroup;
			children = (
				DE720C9B1CEF9C7F00097862 /* Base */,
			);
			name = LaunchScreen.storyboard;
			sourceTree = "<group>";
		};
/* End PBXVariantGroup section */

/* Begin XCBuildConfiguration section */
		DE720CB41CEF9C7F00097862 /* Debug */ = {
			isa = XCBuildConfiguration;
			buildSettings = {
				ALWAYS_SEARCH_USER_PATHS = NO;
				CLANG_ANALYZER_NONNULL = YES;
				CLANG_CXX_LANGUAGE_STANDARD = "gnu++0x";
				CLANG_CXX_LIBRARY = "libc++";
				CLANG_ENABLE_MODULES = YES;
				CLANG_ENABLE_OBJC_ARC = YES;
				CLANG_WARN_BOOL_CONVERSION = YES;
				CLANG_WARN_CONSTANT_CONVERSION = YES;
				CLANG_WARN_DIRECT_OBJC_ISA_USAGE = YES_ERROR;
				CLANG_WARN_EMPTY_BODY = YES;
				CLANG_WARN_ENUM_CONVERSION = YES;
				CLANG_WARN_INT_CONVERSION = YES;
				CLANG_WARN_OBJC_ROOT_CLASS = YES_ERROR;
				CLANG_WARN_UNREACHABLE_CODE = YES;
				CLANG_WARN__DUPLICATE_METHOD_MATCH = YES;
				"CODE_SIGN_IDENTITY[sdk=iphoneos*]" = "iPhone Developer";
				COPY_PHASE_STRIP = NO;
				DEBUG_INFORMATION_FORMAT = dwarf;
				ENABLE_STRICT_OBJC_MSGSEND = YES;
				ENABLE_TESTABILITY = YES;
				GCC_C_LANGUAGE_STANDARD = gnu99;
				GCC_DYNAMIC_NO_PIC = NO;
				GCC_NO_COMMON_BLOCKS = YES;
				GCC_OPTIMIZATION_LEVEL = 0;
				GCC_PREPROCESSOR_DEFINITIONS = (
					"DEBUG=1",
					"$(inherited)",
				);
				GCC_WARN_64_TO_32_BIT_CONVERSION = YES;
				GCC_WARN_ABOUT_RETURN_TYPE = YES_ERROR;
				GCC_WARN_UNDECLARED_SELECTOR = YES;
				GCC_WARN_UNINITIALIZED_AUTOS = YES_AGGRESSIVE;
				GCC_WARN_UNUSED_FUNCTION = YES;
				GCC_WARN_UNUSED_VARIABLE = YES;
				IPHONEOS_DEPLOYMENT_TARGET = 9.3;
				MTL_ENABLE_DEBUG_INFO = YES;
				ONLY_ACTIVE_ARCH = YES;
				SDKROOT = iphoneos;
				SWIFT_OPTIMIZATION_LEVEL = "-Onone";
			};
			name = Debug;
		};
		DE720CB51CEF9C7F00097862 /* Release */ = {
			isa = XCBuildConfiguration;
			buildSettings = {
				ALWAYS_SEARCH_USER_PATHS = NO;
				CLANG_ANALYZER_NONNULL = YES;
				CLANG_CXX_LANGUAGE_STANDARD = "gnu++0x";
				CLANG_CXX_LIBRARY = "libc++";
				CLANG_ENABLE_MODULES = YES;
				CLANG_ENABLE_OBJC_ARC = YES;
				CLANG_WARN_BOOL_CONVERSION = YES;
				CLANG_WARN_CONSTANT_CONVERSION = YES;
				CLANG_WARN_DIRECT_OBJC_ISA_USAGE = YES_ERROR;
				CLANG_WARN_EMPTY_BODY = YES;
				CLANG_WARN_ENUM_CONVERSION = YES;
				CLANG_WARN_INT_CONVERSION = YES;
				CLANG_WARN_OBJC_ROOT_CLASS = YES_ERROR;
				CLANG_WARN_UNREACHABLE_CODE = YES;
				CLANG_WARN__DUPLICATE_METHOD_MATCH = YES;
				"CODE_SIGN_IDENTITY[sdk=iphoneos*]" = "iPhone Developer";
				COPY_PHASE_STRIP = NO;
				DEBUG_INFORMATION_FORMAT = "dwarf-with-dsym";
				ENABLE_NS_ASSERTIONS = NO;
				ENABLE_STRICT_OBJC_MSGSEND = YES;
				GCC_C_LANGUAGE_STANDARD = gnu99;
				GCC_NO_COMMON_BLOCKS = YES;
				GCC_WARN_64_TO_32_BIT_CONVERSION = YES;
				GCC_WARN_ABOUT_RETURN_TYPE = YES_ERROR;
				GCC_WARN_UNDECLARED_SELECTOR = YES;
				GCC_WARN_UNINITIALIZED_AUTOS = YES_AGGRESSIVE;
				GCC_WARN_UNUSED_FUNCTION = YES;
				GCC_WARN_UNUSED_VARIABLE = YES;
				IPHONEOS_DEPLOYMENT_TARGET = 9.3;
				MTL_ENABLE_DEBUG_INFO = NO;
				SDKROOT = iphoneos;
				VALIDATE_PRODUCT = YES;
			};
			name = Release;
		};
		DE720CB71CEF9C7F00097862 /* Debug */ = {
			isa = XCBuildConfiguration;
			baseConfigurationReference = 3DBC6B445F6558892DBDE779 /* Pods-Aaruush.debug.xcconfig */;
			buildSettings = {
				ASSETCATALOG_COMPILER_APPICON_NAME = AppIcon;
				CLANG_ENABLE_MODULES = YES;
				CODE_SIGN_IDENTITY = "iPhone Developer";
				"CODE_SIGN_IDENTITY[sdk=iphoneos*]" = "iPhone Developer";
				FRAMEWORK_SEARCH_PATHS = (
					"$(inherited)",
					"$(PROJECT_DIR)",
				);
				INFOPLIST_FILE = Aaruush/Info.plist;
				LD_RUNPATH_SEARCH_PATHS = "$(inherited) @executable_path/Frameworks";
				PRODUCT_BUNDLE_IDENTIFIER = "Webarch-Aaruush16";
				PRODUCT_NAME = "$(TARGET_NAME)";
				PROVISIONING_PROFILE = "";
				SWIFT_OBJC_BRIDGING_HEADER = "Aaruush/Aaruush-Bridging-Header.h";
				SWIFT_OPTIMIZATION_LEVEL = "-Onone";
				TARGETED_DEVICE_FAMILY = 1;
			};
			name = Debug;
		};
		DE720CB81CEF9C7F00097862 /* Release */ = {
			isa = XCBuildConfiguration;
			baseConfigurationReference = 260752529961013D2F2C80B5 /* Pods-Aaruush.release.xcconfig */;
			buildSettings = {
				ASSETCATALOG_COMPILER_APPICON_NAME = AppIcon;
				CLANG_ENABLE_MODULES = YES;
				CODE_SIGN_IDENTITY = "iPhone Developer";
				"CODE_SIGN_IDENTITY[sdk=iphoneos*]" = "iPhone Developer";
				FRAMEWORK_SEARCH_PATHS = (
					"$(inherited)",
					"$(PROJECT_DIR)",
				);
				INFOPLIST_FILE = Aaruush/Info.plist;
				LD_RUNPATH_SEARCH_PATHS = "$(inherited) @executable_path/Frameworks";
				PRODUCT_BUNDLE_IDENTIFIER = "Webarch-Aaruush16";
				PRODUCT_NAME = "$(TARGET_NAME)";
				PROVISIONING_PROFILE = "";
				SWIFT_OBJC_BRIDGING_HEADER = "Aaruush/Aaruush-Bridging-Header.h";
				TARGETED_DEVICE_FAMILY = 1;
			};
			name = Release;
		};
		DE720CBA1CEF9C7F00097862 /* Debug */ = {
			isa = XCBuildConfiguration;
			baseConfigurationReference = 5E0A12CE9E4857C925B8226F /* Pods-AaruushTests.debug.xcconfig */;
			buildSettings = {
				BUNDLE_LOADER = "$(TEST_HOST)";
				INFOPLIST_FILE = AaruushTests/Info.plist;
				LD_RUNPATH_SEARCH_PATHS = "$(inherited) @executable_path/Frameworks @loader_path/Frameworks";
				PRODUCT_BUNDLE_IDENTIFIER = rohan.AaruushTests;
				PRODUCT_NAME = "$(TARGET_NAME)";
				TEST_HOST = "$(BUILT_PRODUCTS_DIR)/Aaruush.app/Aaruush";
			};
			name = Debug;
		};
		DE720CBB1CEF9C7F00097862 /* Release */ = {
			isa = XCBuildConfiguration;
			baseConfigurationReference = B5250DDAEA075384463265BD /* Pods-AaruushTests.release.xcconfig */;
			buildSettings = {
				BUNDLE_LOADER = "$(TEST_HOST)";
				INFOPLIST_FILE = AaruushTests/Info.plist;
				LD_RUNPATH_SEARCH_PATHS = "$(inherited) @executable_path/Frameworks @loader_path/Frameworks";
				PRODUCT_BUNDLE_IDENTIFIER = rohan.AaruushTests;
				PRODUCT_NAME = "$(TARGET_NAME)";
				TEST_HOST = "$(BUILT_PRODUCTS_DIR)/Aaruush.app/Aaruush";
			};
			name = Release;
		};
		DE720CBD1CEF9C7F00097862 /* Debug */ = {
			isa = XCBuildConfiguration;
			baseConfigurationReference = 0865BAD7AEDE272CC87A069F /* Pods-AaruushUITests.debug.xcconfig */;
			buildSettings = {
				INFOPLIST_FILE = AaruushUITests/Info.plist;
				LD_RUNPATH_SEARCH_PATHS = "$(inherited) @executable_path/Frameworks @loader_path/Frameworks";
				PRODUCT_BUNDLE_IDENTIFIER = rohan.AaruushUITests;
				PRODUCT_NAME = "$(TARGET_NAME)";
				TEST_TARGET_NAME = Aaruush;
			};
			name = Debug;
		};
		DE720CBE1CEF9C7F00097862 /* Release */ = {
			isa = XCBuildConfiguration;
			baseConfigurationReference = BD2F46A3DCAC7EDE2DF7B223 /* Pods-AaruushUITests.release.xcconfig */;
			buildSettings = {
				INFOPLIST_FILE = AaruushUITests/Info.plist;
				LD_RUNPATH_SEARCH_PATHS = "$(inherited) @executable_path/Frameworks @loader_path/Frameworks";
				PRODUCT_BUNDLE_IDENTIFIER = rohan.AaruushUITests;
				PRODUCT_NAME = "$(TARGET_NAME)";
				TEST_TARGET_NAME = Aaruush;
			};
			name = Release;
		};
/* End XCBuildConfiguration section */

/* Begin XCConfigurationList section */
		DE720C861CEF9C7E00097862 /* Build configuration list for PBXProject "Aaruush" */ = {
			isa = XCConfigurationList;
			buildConfigurations = (
				DE720CB41CEF9C7F00097862 /* Debug */,
				DE720CB51CEF9C7F00097862 /* Release */,
			);
			defaultConfigurationIsVisible = 0;
			defaultConfigurationName = Release;
		};
		DE720CB61CEF9C7F00097862 /* Build configuration list for PBXNativeTarget "Aaruush" */ = {
			isa = XCConfigurationList;
			buildConfigurations = (
				DE720CB71CEF9C7F00097862 /* Debug */,
				DE720CB81CEF9C7F00097862 /* Release */,
			);
			defaultConfigurationIsVisible = 0;
			defaultConfigurationName = Release;
		};
		DE720CB91CEF9C7F00097862 /* Build configuration list for PBXNativeTarget "AaruushTests" */ = {
			isa = XCConfigurationList;
			buildConfigurations = (
				DE720CBA1CEF9C7F00097862 /* Debug */,
				DE720CBB1CEF9C7F00097862 /* Release */,
			);
			defaultConfigurationIsVisible = 0;
			defaultConfigurationName = Release;
		};
		DE720CBC1CEF9C7F00097862 /* Build configuration list for PBXNativeTarget "AaruushUITests" */ = {
			isa = XCConfigurationList;
			buildConfigurations = (
				DE720CBD1CEF9C7F00097862 /* Debug */,
				DE720CBE1CEF9C7F00097862 /* Release */,
			);
			defaultConfigurationIsVisible = 0;
			defaultConfigurationName = Release;
		};
/* End XCConfigurationList section */

/* Begin XCVersionGroup section */
		DE720C951CEF9C7F00097862 /* Aaruush.xcdatamodeld */ = {
			isa = XCVersionGroup;
			children = (
				DE720C961CEF9C7F00097862 /* Aaruush.xcdatamodel */,
			);
			currentVersion = DE720C961CEF9C7F00097862 /* Aaruush.xcdatamodel */;
			path = Aaruush.xcdatamodeld;
			sourceTree = "<group>";
			versionGroupType = wrapper.xcdatamodel;
		};
/* End XCVersionGroup section */
	};
	rootObject = DE720C831CEF9C7E00097862 /* Project object */;
}
